<?xml version="1.0" encoding="utf-8"?>
<Project ToolsVersion="4.0" xmlns="http://schemas.microsoft.com/developer/msbuild/2003">
  <ItemGroup>
    <Filter Include="源文件">
      <UniqueIdentifier>{4FC737F1-C7A5-4376-A066-2A32D752A2FF}</UniqueIdentifier>
      <Extensions>cpp;c;cc;cxx;c++;cppm;ixx;def;odl;idl;hpj;bat;asm;asmx</Extensions>
    </Filter>
    <Filter Include="头文件">
      <UniqueIdentifier>{93995380-89BD-4b04-88EB-625FBE52EBFB}</UniqueIdentifier>
      <Extensions>h;hh;hpp;hxx;h++;hm;inl;inc;ipp;xsd</Extensions>
    </Filter>
    <Filter Include="资源文件">
      <UniqueIdentifier>{67DA6AB6-F800-4c08-8B7A-83BB121AAD01}</UniqueIdentifier>
      <Extensions>rc;ico;cur;bmp;dlg;rc2;rct;bin;rgs;gif;jpg;jpeg;jpe;resx;tiff;tif;png;wav;mfcribbon-ms</Extensions>
    </Filter>
    <Filter Include="源文件\第三章">
      <UniqueIdentifier>{a9007ab7-359a-4556-aa07-58d2dbe53be2}</UniqueIdentifier>
    </Filter>
    <Filter Include="源文件\第四章">
      <UniqueIdentifier>{b6bbbf0d-485e-463b-bf66-b31ef31e0bda}</UniqueIdentifier>
    </Filter>
    <Filter Include="源文件\第五章">
      <UniqueIdentifier>{e0e38e9c-62b6-4e0c-9dcd-b8d864496735}</UniqueIdentifier>
    </Filter>
    <Filter Include="源文件\第六章">
      <UniqueIdentifier>{35bcf218-ba7d-407f-8789-f8f2cb9b756c}</UniqueIdentifier>
    </Filter>
    <Filter Include="源文件\第七章">
      <UniqueIdentifier>{48a26f0e-3543-4554-8f42-bb773faf98e7}</UniqueIdentifier>
    </Filter>
    <Filter Include="源文件\第八章">
      <UniqueIdentifier>{eab1b1ad-6578-428c-818f-debdccb721c9}</UniqueIdentifier>
    </Filter>
    <Filter Include="源文件\第九章">
      <UniqueIdentifier>{565a4253-ef71-4fa3-b1d7-f67f0d628321}</UniqueIdentifier>
    </Filter>
    <Filter Include="源文件\第十章">
      <UniqueIdentifier>{ce35198d-e71a-4289-862f-629a6394bd64}</UniqueIdentifier>
    </Filter>
    <Filter Include="源文件\第十一章">
      <UniqueIdentifier>{ee698594-d191-4c84-9992-e4bd2cbd3976}</UniqueIdentifier>
    </Filter>
  </ItemGroup>
  <ItemGroup>
    <ClCompile Include="第三章\1001 害死人不偿命的(3n+1)猜想.cpp">
      <Filter>源文件\第三章</Filter>
    </ClCompile>
    <ClCompile Include="第三章\1032 挖掘机技术哪家强.cpp">
      <Filter>源文件\第三章</Filter>
    </ClCompile>
    <ClCompile Include="第三章\codeup 1934 找x.cpp">
      <Filter>源文件\第三章</Filter>
    </ClCompile>
    <ClCompile Include="第三章\1036 跟奥巴马一起编程.cpp">
      <Filter>源文件\第三章</Filter>
    </ClCompile>
    <ClCompile Include="第三章\codeup 1928 日期差值.cpp">
      <Filter>源文件\第三章</Filter>
    </ClCompile>
    <ClCompile Include="第三章\1022 D进制的A+B.cpp">
      <Filter>源文件\第三章</Filter>
    </ClCompile>
    <ClCompile Include="第三章\codeup 5901 回文串.cpp">
      <Filter>源文件\第三章</Filter>
    </ClCompile>
    <ClCompile Include="第三章\PAT-B1009-说反话.cpp">
      <Filter>源文件\第三章</Filter>
    </ClCompile>
    <ClCompile Include="第四章\selectSort.cpp">
      <Filter>源文件\第四章</Filter>
    </ClCompile>
    <ClCompile Include="第四章\insertSort.cpp">
      <Filter>源文件\第四章</Filter>
    </ClCompile>
    <ClCompile Include="第四章\1025-PAT-Ranking.cpp">
      <Filter>源文件\第四章</Filter>
    </ClCompile>
    <ClCompile Include="第四章\问题A-吃糖果.cpp">
      <Filter>源文件\第四章</Filter>
    </ClCompile>
    <ClCompile Include="第四章\问题A-谁是你的潜在朋友.cpp">
      <Filter>源文件\第四章</Filter>
    </ClCompile>
    <ClCompile Include="第四章\PAT-B-1020.cpp">
      <Filter>源文件\第四章</Filter>
    </ClCompile>
    <ClCompile Include="第四章\PAT-B-1023-组个最小数.cpp">
      <Filter>源文件\第四章</Filter>
    </ClCompile>
    <ClCompile Include="第四章\快速幂.cpp">
      <Filter>源文件\第四章</Filter>
    </ClCompile>
    <ClCompile Include="第四章\mergeSortRecursive.cpp">
      <Filter>源文件\第四章</Filter>
    </ClCompile>
    <ClCompile Include="第四章\mergeSortLoop.cpp">
      <Filter>源文件\第四章</Filter>
    </ClCompile>
    <ClCompile Include="第四章\quickSort.cpp">
      <Filter>源文件\第四章</Filter>
    </ClCompile>
    <ClCompile Include="第四章\PAT-B-1040.cpp">
      <Filter>源文件\第四章</Filter>
    </ClCompile>
    <ClCompile Include="第五章\PAT-B-1019.cpp">
      <Filter>源文件\第五章</Filter>
    </ClCompile>
    <ClCompile Include="第五章\codeup-1818.cpp">
      <Filter>源文件\第五章</Filter>
    </ClCompile>
    <ClCompile Include="第五章\LCm.cpp">
      <Filter>源文件\第五章</Filter>
    </ClCompile>
    <ClCompile Include="Fraction.cpp">
      <Filter>源文件\第五章</Filter>
    </ClCompile>
    <ClCompile Include="第五章\PAT-B-1013.cpp">
      <Filter>源文件\第五章</Filter>
    </ClCompile>
    <ClCompile Include="第五章\PAT-A-1059.cpp">
      <Filter>源文件\第五章</Filter>
    </ClCompile>
    <ClCompile Include="第五章\BigNum.cpp">
      <Filter>源文件\第五章</Filter>
    </ClCompile>
    <ClCompile Include="第五章\EEA.cpp">
      <Filter>源文件\第五章</Filter>
    </ClCompile>
    <ClCompile Include="第五章\CN.cpp">
      <Filter>源文件\第五章</Filter>
    </ClCompile>
    <ClCompile Include="第六章\PAT-A-1060.cpp">
      <Filter>源文件\第六章</Filter>
    </ClCompile>
    <ClCompile Include="第七章\codeup-1918.cpp">
      <Filter>源文件\第七章</Filter>
    </ClCompile>
    <ClCompile Include="第七章\PAT-A-1032.cpp">
      <Filter>源文件\第七章</Filter>
    </ClCompile>
    <ClCompile Include="第七章\PAT-A-1052.cpp">
      <Filter>源文件\第七章</Filter>
    </ClCompile>
    <ClCompile Include="第九章\PAT-A-1020.cpp">
      <Filter>源文件\第九章</Filter>
    </ClCompile>
    <ClCompile Include="第九章\PAT-A-1053.cpp">
      <Filter>源文件\第九章</Filter>
    </ClCompile>
    <ClCompile Include="第九章\PAT-A-1043.cpp">
      <Filter>源文件\第九章</Filter>
    </ClCompile>
    <ClCompile Include="第九章\好朋友.cpp">
      <Filter>源文件\第九章</Filter>
    </ClCompile>
    <ClCompile Include="第十章\PAT-A-1034.cpp">
      <Filter>源文件\第十章</Filter>
    </ClCompile>
    <ClCompile Include="第十章\PAT-A-1076.cpp">
      <Filter>源文件\第十章</Filter>
    </ClCompile>
    <ClCompile Include="第十章\PAT-A-1030.cpp">
      <Filter>源文件\第十章</Filter>
    </ClCompile>
    <ClCompile Include="第十章\PAT-A-1003.cpp">
      <Filter>源文件\第十章</Filter>
    </ClCompile>
    <ClCompile Include="第十章\问题 C-畅通工程.cpp">
      <Filter>源文件\第十章</Filter>
    </ClCompile>
    <ClCompile Include="第十章\kruskal.cpp">
      <Filter>源文件\第十章</Filter>
    </ClCompile>
    <ClCompile Include="第十一章\Bottom-up Approach.cpp">
      <Filter>源文件\第十一章</Filter>
    </ClCompile>
  </ItemGroup>
  <ItemGroup>
    <None Include="第三章\README.md">
      <Filter>源文件\第三章</Filter>
    </None>
    <None Include="第四章\README.md">
      <Filter>源文件\第四章</Filter>
    </None>
    <None Include="README.md">
      <Filter>源文件</Filter>
    </None>
    <None Include="第五章\README.md">
      <Filter>源文件\第五章</Filter>
    </None>
    <None Include="第五章\EEA.md">
      <Filter>源文件\第五章</Filter>
    </None>
    <None Include="第五章\CN.md">
      <Filter>源文件\第五章</Filter>
    </None>
    <None Include="第六章\README.md">
      <Filter>源文件\第六章</Filter>
    </None>
    <None Include="第七章\README.md">
      <Filter>源文件\第七章</Filter>
    </None>
    <None Include="第八章\README.md">
      <Filter>源文件\第八章</Filter>
    </None>
    <None Include="第九章\README.md">
      <Filter>源文件\第九章</Filter>
    </None>
    <None Include="第十章\README.md">
      <Filter>源文件\第十章</Filter>
    </None>
    <None Include="第十一章\README.md">
      <Filter>源文件\第十一章</Filter>
    </None>
  </ItemGroup>
  <ItemGroup>
    <ClInclude Include="第五章\BigNum.h">
      <Filter>源文件\第五章</Filter>
    </ClInclude>
  </ItemGroup>
</Project>