
Microsoft Visual Studio Solution File, Format Version 12.00
# Visual Studio Version 16
VisualStudioVersion = 16.0.31205.134
MinimumVisualStudioVersion = 10.0.40219.1
Project("{8BC9CEB8-8B4A-11D0-8D11-00A0C91BC942}") = "LuoGu", "LuoGu.vcxproj", "{6F46079B-23F2-4E99-9135-7BF3ACD2366C}"
EndProject
Global
	GlobalSection(SolutionConfigurationPlatforms) = preSolution
		Debug|x64 = Debug|x64
		Debug|x86 = Debug|x86
		Release|x64 = Release|x64
		Release|x86 = Release|x86
	EndGlobalSection
	GlobalSection(ProjectConfigurationPlatforms) = postSolution
		{6F46079B-23F2-4E99-9135-7BF3ACD2366C}.Debug|x64.ActiveCfg = Debug|x64
		{6F46079B-23F2-4E99-9135-7BF3ACD2366C}.Debug|x64.Build.0 = Debug|x64
		{6F46079B-23F2-4E99-9135-7BF3ACD2366C}.Debug|x86.ActiveCfg = Debug|Win32
		{6F46079B-23F2-4E99-9135-7BF3ACD2366C}.Debug|x86.Build.0 = Debug|Win32
		{6F46079B-23F2-4E99-9135-7BF3ACD2366C}.Release|x64.ActiveCfg = Release|x64
		{6F46079B-23F2-4E99-9135-7BF3ACD2366C}.Release|x64.Build.0 = Release|x64
		{6F46079B-23F2-4E99-9135-7BF3ACD2366C}.Release|x86.ActiveCfg = Release|Win32
		{6F46079B-23F2-4E99-9135-7BF3ACD2366C}.Release|x86.Build.0 = Release|Win32
	EndGlobalSection
	GlobalSection(SolutionProperties) = preSolution
		HideSolutionNode = FALSE
	EndGlobalSection
	GlobalSection(ExtensibilityGlobals) = postSolution
		SolutionGuid = {8FAC9561-4938-4A4A-BA6E-B15CAEF4BC80}
	EndGlobalSection
EndGlobal
